Microsoft Visual Studio Solution File, Format Version 11.00
# Visual Studio 2008

Project("{461123A5-EC27-9301-4B66-7D7E726EDC2E}") = "mogaTest", "Assembly-CSharp-firstpass.csproj", "{4B05AD2B-0D7B-8445-39C0-9515BAACA496}"
EndProject
Project("{461123A5-EC27-9301-4B66-7D7E726EDC2E}") = "mogaTest", "Assembly-CSharp.csproj", "{D32434F0-D3D7-18C3-FF75-3286F98E87E0}"
EndProject
Project("{461123A5-EC27-9301-4B66-7D7E726EDC2E}") = "mogaTest", "Assembly-CSharp-Editor.csproj", "{D692415C-2640-38A9-89C9-D9C08A3CCE1F}"
EndProject
Project("{461123A5-EC27-9301-4B66-7D7E726EDC2E}") = "mogaTest", "Assembly-UnityScript.unityproj", "{0F1E53D2-7060-A83E-FEE6-329C268EBD7C}"
EndProject
Global
	GlobalSection(SolutionConfigurationPlatforms) = preSolution
		Debug|Any CPU = Debug|Any CPU
		Release|Any CPU = Release|Any CPU
	EndGlobalSection
	GlobalSection(ProjectConfigurationPlatforms) = postSolution
		{4B05AD2B-0D7B-8445-39C0-9515BAACA496}.Debug|Any CPU.ActiveCfg = Debug|Any CPU
		{4B05AD2B-0D7B-8445-39C0-9515BAACA496}.Debug|Any CPU.Build.0 = Debug|Any CPU
		{4B05AD2B-0D7B-8445-39C0-9515BAACA496}.Release|Any CPU.ActiveCfg = Release|Any CPU
		{4B05AD2B-0D7B-8445-39C0-9515BAACA496}.Release|Any CPU.Build.0 = Release|Any CPU
		{D32434F0-D3D7-18C3-FF75-3286F98E87E0}.Debug|Any CPU.ActiveCfg = Debug|Any CPU
		{D32434F0-D3D7-18C3-FF75-3286F98E87E0}.Debug|Any CPU.Build.0 = Debug|Any CPU
		{D32434F0-D3D7-18C3-FF75-3286F98E87E0}.Release|Any CPU.ActiveCfg = Release|Any CPU
		{D32434F0-D3D7-18C3-FF75-3286F98E87E0}.Release|Any CPU.Build.0 = Release|Any CPU
		{D692415C-2640-38A9-89C9-D9C08A3CCE1F}.Debug|Any CPU.ActiveCfg = Debug|Any CPU
		{D692415C-2640-38A9-89C9-D9C08A3CCE1F}.Debug|Any CPU.Build.0 = Debug|Any CPU
		{D692415C-2640-38A9-89C9-D9C08A3CCE1F}.Release|Any CPU.ActiveCfg = Release|Any CPU
		{D692415C-2640-38A9-89C9-D9C08A3CCE1F}.Release|Any CPU.Build.0 = Release|Any CPU
		{0F1E53D2-7060-A83E-FEE6-329C268EBD7C}.Debug|Any CPU.ActiveCfg = Debug|Any CPU
		{0F1E53D2-7060-A83E-FEE6-329C268EBD7C}.Debug|Any CPU.Build.0 = Debug|Any CPU
		{0F1E53D2-7060-A83E-FEE6-329C268EBD7C}.Release|Any CPU.ActiveCfg = Release|Any CPU
		{0F1E53D2-7060-A83E-FEE6-329C268EBD7C}.Release|Any CPU.Build.0 = Release|Any CPU
	EndGlobalSection
	GlobalSection(SolutionProperties) = preSolution
		HideSolutionNode = FALSE
	EndGlobalSection
											GlobalSection(MonoDevelopProperties) = preSolution
		StartupItem = Assembly-CSharp.csproj
		Policies = $0
		$0.TextStylePolicy = $1
		$1.inheritsSet = null
		$1.scope = text/x-csharp
		$0.CSharpFormattingPolicy = $2
		$2.inheritsSet = Mono
		$2.inheritsScope = text/x-csharp
		$2.scope = text/x-csharp
		$0.TextStylePolicy = $3
		$3.FileWidth = 120
		$3.TabWidth = 4
		$3.EolMarker = Unix
		$3.inheritsSet = Mono
		$3.inheritsScope = text/plain
		$3.scope = text/plain
	EndGlobalSection

EndGlobal
